// !$*UTF8*$!
{
	archiveVersion = 1;
	classes = {
	};
	objectVersion = 56;
	objects = {

/* Begin PBXBuildFile section */
		5DC4478A2B1F27FC0080EBFC /* Little_Lemon_AppApp.swift in Sources */ = {isa = PBXBuildFile; fileRef = 5DC447892B1F27FC0080EBFC /* Little_Lemon_AppApp.swift */; };
		5DC4478E2B1F27FE0080EBFC /* Assets.xcassets in Resources */ = {isa = PBXBuildFile; fileRef = 5DC4478D2B1F27FE0080EBFC /* Assets.xcassets */; };
		5DC447912B1F27FE0080EBFC /* Preview Assets.xcassets in Resources */ = {isa = PBXBuildFile; fileRef = 5DC447902B1F27FE0080EBFC /* Preview Assets.xcassets */; };
		5DC447932B1F27FE0080EBFC /* Persistence.swift in Sources */ = {isa = PBXBuildFile; fileRef = 5DC447922B1F27FE0080EBFC /* Persistence.swift */; };
		5DC447962B1F27FE0080EBFC /* Little_Lemon_App.xcdatamodeld in Sources */ = {isa = PBXBuildFile; fileRef = 5DC447942B1F27FE0080EBFC /* Little_Lemon_App.xcdatamodeld */; };
		5DC447A02B1F27FE0080EBFC /* Little_Lemon_AppTests.swift in Sources */ = {isa = PBXBuildFile; fileRef = 5DC4479F2B1F27FE0080EBFC /* Little_Lemon_AppTests.swift */; };
		5DC447AA2B1F27FE0080EBFC /* Little_Lemon_AppUITests.swift in Sources */ = {isa = PBXBuildFile; fileRef = 5DC447A92B1F27FE0080EBFC /* Little_Lemon_AppUITests.swift */; };
		5DC447AC2B1F27FE0080EBFC /* Little_Lemon_AppUITestsLaunchTests.swift in Sources */ = {isa = PBXBuildFile; fileRef = 5DC447AB2B1F27FE0080EBFC /* Little_Lemon_AppUITestsLaunchTests.swift */; };
		5DC447BB2B1F757F0080EBFC /* Onboarding.swift in Sources */ = {isa = PBXBuildFile; fileRef = 5DC447BA2B1F757F0080EBFC /* Onboarding.swift */; };
		5DC447BD2B1F7AC40080EBFC /* Home.swift in Sources */ = {isa = PBXBuildFile; fileRef = 5DC447BC2B1F7AC40080EBFC /* Home.swift */; };
		5DC447BF2B1F7AFA0080EBFC /* Menu.swift in Sources */ = {isa = PBXBuildFile; fileRef = 5DC447BE2B1F7AFA0080EBFC /* Menu.swift */; };
		5DC447C12B1F8E370080EBFC /* UserProfile.swift in Sources */ = {isa = PBXBuildFile; fileRef = 5DC447C02B1F8E370080EBFC /* UserProfile.swift */; };
/* End PBXBuildFile section */

/* Begin PBXContainerItemProxy section */
		5DC4479C2B1F27FE0080EBFC /* PBXContainerItemProxy */ = {
			isa = PBXContainerItemProxy;
			containerPortal = 5DC4477E2B1F27FC0080EBFC /* Project object */;
			proxyType = 1;
			remoteGlobalIDString = 5DC447852B1F27FC0080EBFC;
			remoteInfo = "Little Lemon App";
		};
		5DC447A62B1F27FE0080EBFC /* PBXContainerItemProxy */ = {
			isa = PBXContainerItemProxy;
			containerPortal = 5DC4477E2B1F27FC0080EBFC /* Project object */;
			proxyType = 1;
			remoteGlobalIDString = 5DC447852B1F27FC0080EBFC;
			remoteInfo = "Little Lemon App";
		};
/* End PBXContainerItemProxy section */

/* Begin PBXFileReference section */
		5DC447862B1F27FC0080EBFC /* Little Lemon App.app */ = {isa = PBXFileReference; explicitFileType = wrapper.application; includeInIndex = 0; path = "Little Lemon App.app"; sourceTree = BUILT_PRODUCTS_DIR; };
		5DC447892B1F27FC0080EBFC /* Little_Lemon_AppApp.swift */ = {isa = PBXFileReference; lastKnownFileType = sourcecode.swift; path = Little_Lemon_AppApp.swift; sourceTree = "<group>"; };
		5DC4478D2B1F27FE0080EBFC /* Assets.xcassets */ = {isa = PBXFileReference; lastKnownFileType = folder.assetcatalog; path = Assets.xcassets; sourceTree = "<group>"; };
		5DC447902B1F27FE0080EBFC /* Preview Assets.xcassets */ = {isa = PBXFileReference; lastKnownFileType = folder.assetcatalog; path = "Preview Assets.xcassets"; sourceTree = "<group>"; };
		5DC447922B1F27FE0080EBFC /* Persistence.swift */ = {isa = PBXFileReference; lastKnownFileType = sourcecode.swift; path = Persistence.swift; sourceTree = "<group>"; };
		5DC447952B1F27FE0080EBFC /* Little_Lemon_App.xcdatamodel */ = {isa = PBXFileReference; lastKnownFileType = wrapper.xcdatamodel; path = Little_Lemon_App.xcdatamodel; sourceTree = "<group>"; };
		5DC4479B2B1F27FE0080EBFC /* Little Lemon AppTests.xctest */ = {isa = PBXFileReference; explicitFileType = wrapper.cfbundle; includeInIndex = 0; path = "Little Lemon AppTests.xctest"; sourceTree = BUILT_PRODUCTS_DIR; };
		5DC4479F2B1F27FE0080EBFC /* Little_Lemon_AppTests.swift */ = {isa = PBXFileReference; lastKnownFileType = sourcecode.swift; path = Little_Lemon_AppTests.swift; sourceTree = "<group>"; };
		5DC447A52B1F27FE0080EBFC /* Little Lemon AppUITests.xctest */ = {isa = PBXFileReference; explicitFileType = wrapper.cfbundle; includeInIndex = 0; path = "Little Lemon AppUITests.xctest"; sourceTree = BUILT_PRODUCTS_DIR; };
		5DC447A92B1F27FE0080EBFC /* Little_Lemon_AppUITests.swift */ = {isa = PBXFileReference; lastKnownFileType = sourcecode.swift; path = Little_Lemon_AppUITests.swift; sourceTree = "<group>"; };
		5DC447AB2B1F27FE0080EBFC /* Little_Lemon_AppUITestsLaunchTests.swift */ = {isa = PBXFileReference; lastKnownFileType = sourcecode.swift; path = Little_Lemon_AppUITestsLaunchTests.swift; sourceTree = "<group>"; };
		5DC447BA2B1F757F0080EBFC /* Onboarding.swift */ = {isa = PBXFileReference; lastKnownFileType = sourcecode.swift; path = Onboarding.swift; sourceTree = "<group>"; };
		5DC447BC2B1F7AC40080EBFC /* Home.swift */ = {isa = PBXFileReference; lastKnownFileType = sourcecode.swift; path = Home.swift; sourceTree = "<group>"; };
		5DC447BE2B1F7AFA0080EBFC /* Menu.swift */ = {isa = PBXFileReference; lastKnownFileType = sourcecode.swift; path = Menu.swift; sourceTree = "<group>"; };
		5DC447C02B1F8E370080EBFC /* UserProfile.swift */ = {isa = PBXFileReference; lastKnownFileType = sourcecode.swift; path = UserProfile.swift; sourceTree = "<group>"; };
/* End PBXFileReference section */

/* Begin PBXFrameworksBuildPhase section */
		5DC447832B1F27FC0080EBFC /* Frameworks */ = {
			isa = PBXFrameworksBuildPhase;
			buildActionMask = 2147483647;
			files = (
			);
			runOnlyForDeploymentPostprocessing = 0;
		};
		5DC447982B1F27FE0080EBFC /* Frameworks */ = {
			isa = PBXFrameworksBuildPhase;
			buildActionMask = 2147483647;
			files = (
			);
			runOnlyForDeploymentPostprocessing = 0;
		};
		5DC447A22B1F27FE0080EBFC /* Frameworks */ = {
			isa = PBXFrameworksBuildPhase;
			buildActionMask = 2147483647;
			files = (
			);
			runOnlyForDeploymentPostprocessing = 0;
		};
/* End PBXFrameworksBuildPhase section */

/* Begin PBXGroup section */
		5DC4477D2B1F27FC0080EBFC = {
			isa = PBXGroup;
			children = (
				5DC447882B1F27FC0080EBFC /* Little Lemon App */,
				5DC4479E2B1F27FE0080EBFC /* Little Lemon AppTests */,
				5DC447A82B1F27FE0080EBFC /* Little Lemon AppUITests */,
				5DC447872B1F27FC0080EBFC /* Products */,
			);
			sourceTree = "<group>";
		};
		5DC447872B1F27FC0080EBFC /* Products */ = {
			isa = PBXGroup;
			children = (
				5DC447862B1F27FC0080EBFC /* Little Lemon App.app */,
				5DC4479B2B1F27FE0080EBFC /* Little Lemon AppTests.xctest */,
				5DC447A52B1F27FE0080EBFC /* Little Lemon AppUITests.xctest */,
			);
			name = Products;
			sourceTree = "<group>";
		};
		5DC447882B1F27FC0080EBFC /* Little Lemon App */ = {
			isa = PBXGroup;
			children = (
				5DC447892B1F27FC0080EBFC /* Little_Lemon_AppApp.swift */,
				5DC447BA2B1F757F0080EBFC /* Onboarding.swift */,
				5DC447C02B1F8E370080EBFC /* UserProfile.swift */,
				5DC447BC2B1F7AC40080EBFC /* Home.swift */,
				5DC447BE2B1F7AFA0080EBFC /* Menu.swift */,
				5DC4478D2B1F27FE0080EBFC /* Assets.xcassets */,
				5DC447922B1F27FE0080EBFC /* Persistence.swift */,
				5DC447942B1F27FE0080EBFC /* Little_Lemon_App.xcdatamodeld */,
				5DC4478F2B1F27FE0080EBFC /* Preview Content */,
			);
			path = "Little Lemon App";
			sourceTree = "<group>";
		};
		5DC4478F2B1F27FE0080EBFC /* Preview Content */ = {
			isa = PBXGroup;
			children = (
				5DC447902B1F27FE0080EBFC /* Preview Assets.xcassets */,
			);
			path = "Preview Content";
			sourceTree = "<group>";
		};
		5DC4479E2B1F27FE0080EBFC /* Little Lemon AppTests */ = {
			isa = PBXGroup;
			children = (
				5DC4479F2B1F27FE0080EBFC /* Little_Lemon_AppTests.swift */,
			);
			path = "Little Lemon AppTests";
			sourceTree = "<group>";
		};
		5DC447A82B1F27FE0080EBFC /* Little Lemon AppUITests */ = {
			isa = PBXGroup;
			children = (
				5DC447A92B1F27FE0080EBFC /* Little_Lemon_AppUITests.swift */,
				5DC447AB2B1F27FE0080EBFC /* Little_Lemon_AppUITestsLaunchTests.swift */,
			);
			path = "Little Lemon AppUITests";
			sourceTree = "<group>";
		};
/* End PBXGroup section */

/* Begin PBXNativeTarget section */
		5DC447852B1F27FC0080EBFC /* Little Lemon App */ = {
			isa = PBXNativeTarget;
			buildConfigurationList = 5DC447AF2B1F27FE0080EBFC /* Build configuration list for PBXNativeTarget "Little Lemon App" */;
			buildPhases = (
				5DC447822B1F27FC0080EBFC /* Sources */,
				5DC447832B1F27FC0080EBFC /* Frameworks */,
				5DC447842B1F27FC0080EBFC /* Resources */,
			);
			buildRules = (
			);
			dependencies = (
			);
			name = "Little Lemon App";
			productName = "Little Lemon App";
			productReference = 5DC447862B1F27FC0080EBFC /* Little Lemon App.app */;
			productType = "com.apple.product-type.application";
		};
		5DC4479A2B1F27FE0080EBFC /* Little Lemon AppTests */ = {
			isa = PBXNativeTarget;
			buildConfigurationList = 5DC447B22B1F27FE0080EBFC /* Build configuration list for PBXNativeTarget "Little Lemon AppTests" */;
			buildPhases = (
				5DC447972B1F27FE0080EBFC /* Sources */,
				5DC447982B1F27FE0080EBFC /* Frameworks */,
				5DC447992B1F27FE0080EBFC /* Resources */,
			);
			buildRules = (
			);
			dependencies = (
				5DC4479D2B1F27FE0080EBFC /* PBXTargetDependency */,
			);
			name = "Little Lemon AppTests";
			productName = "Little Lemon AppTests";
			productReference = 5DC4479B2B1F27FE0080EBFC /* Little Lemon AppTests.xctest */;
			productType = "com.apple.product-type.bundle.unit-test";
		};
		5DC447A42B1F27FE0080EBFC /* Little Lemon AppUITests */ = {
			isa = PBXNativeTarget;
			buildConfigurationList = 5DC447B52B1F27FE0080EBFC /* Build configuration list for PBXNativeTarget "Little Lemon AppUITests" */;
			buildPhases = (
				5DC447A12B1F27FE0080EBFC /* Sources */,
				5DC447A22B1F27FE0080EBFC /* Frameworks */,
				5DC447A32B1F27FE0080EBFC /* Resources */,
			);
			buildRules = (
			);
			dependencies = (
				5DC447A72B1F27FE0080EBFC /* PBXTargetDependency */,
			);
			name = "Little Lemon AppUITests";
			productName = "Little Lemon AppUITests";
			productReference = 5DC447A52B1F27FE0080EBFC /* Little Lemon AppUITests.xctest */;
			productType = "com.apple.product-type.bundle.ui-testing";
		};
/* End PBXNativeTarget section */

/* Begin PBXProject section */
		5DC4477E2B1F27FC0080EBFC /* Project object */ = {
			isa = PBXProject;
			attributes = {
				BuildIndependentTargetsInParallel = 1;
				LastSwiftUpdateCheck = 1500;
				LastUpgradeCheck = 1500;
				TargetAttributes = {
					5DC447852B1F27FC0080EBFC = {
						CreatedOnToolsVersion = 15.0.1;
					};
					5DC4479A2B1F27FE0080EBFC = {
						CreatedOnToolsVersion = 15.0.1;
						TestTargetID = 5DC447852B1F27FC0080EBFC;
					};
					5DC447A42B1F27FE0080EBFC = {
						CreatedOnToolsVersion = 15.0.1;
						TestTargetID = 5DC447852B1F27FC0080EBFC;
					};
				};
			};
			buildConfigurationList = 5DC447812B1F27FC0080EBFC /* Build configuration list for PBXProject "Little Lemon App" */;
			compatibilityVersion = "Xcode 14.0";
			developmentRegion = en;
			hasScannedForEncodings = 0;
			knownRegions = (
				en,
				Base,
			);
			mainGroup = 5DC4477D2B1F27FC0080EBFC;
			productRefGroup = 5DC447872B1F27FC0080EBFC /* Products */;
			projectDirPath = "";
			projectRoot = "";
			targets = (
				5DC447852B1F27FC0080EBFC /* Little Lemon App */,
				5DC4479A2B1F27FE0080EBFC /* Little Lemon AppTests */,
				5DC447A42B1F27FE0080EBFC /* Little Lemon AppUITests */,
			);
		};
/* End PBXProject section */

/* Begin PBXResourcesBuildPhase section */
		5DC447842B1F27FC0080EBFC /* Resources */ = {
			isa = PBXResourcesBuildPhase;
			buildActionMask = 2147483647;
			files = (
				5DC447912B1F27FE0080EBFC /* Preview Assets.xcassets in Resources */,
				5DC4478E2B1F27FE0080EBFC /* Assets.xcassets in Resources */,
			);
			runOnlyForDeploymentPostprocessing = 0;
		};
		5DC447992B1F27FE0080EBFC /* Resources */ = {
			isa = PBXResourcesBuildPhase;
			buildActionMask = 2147483647;
			files = (
			);
			runOnlyForDeploymentPostprocessing = 0;
		};
		5DC447A32B1F27FE0080EBFC /* Resources */ = {
			isa = PBXResourcesBuildPhase;
			buildActionMask = 2147483647;
			files = (
			);
			runOnlyForDeploymentPostprocessing = 0;
		};
/* End PBXResourcesBuildPhase section */

/* Begin PBXSourcesBuildPhase section */
		5DC447822B1F27FC0080EBFC /* Sources */ = {
			isa = PBXSourcesBuildPhase;
			buildActionMask = 2147483647;
			files = (
				5DC447BF2B1F7AFA0080EBFC /* Menu.swift in Sources */,
				5DC447932B1F27FE0080EBFC /* Persistence.swift in Sources */,
				5DC447C12B1F8E370080EBFC /* UserProfile.swift in Sources */,
				5DC447962B1F27FE0080EBFC /* Little_Lemon_App.xcdatamodeld in Sources */,
				5DC447BD2B1F7AC40080EBFC /* Home.swift in Sources */,
				5DC447BB2B1F757F0080EBFC /* Onboarding.swift in Sources */,
				5DC4478A2B1F27FC0080EBFC /* Little_Lemon_AppApp.swift in Sources */,
			);
			runOnlyForDeploymentPostprocessing = 0;
		};
		5DC447972B1F27FE0080EBFC /* Sources */ = {
			isa = PBXSourcesBuildPhase;
			buildActionMask = 2147483647;
			files = (
				5DC447A02B1F27FE0080EBFC /* Little_Lemon_AppTests.swift in Sources */,
			);
			runOnlyForDeploymentPostprocessing = 0;
		};
		5DC447A12B1F27FE0080EBFC /* Sources */ = {
			isa = PBXSourcesBuildPhase;
			buildActionMask = 2147483647;
			files = (
				5DC447AC2B1F27FE0080EBFC /* Little_Lemon_AppUITestsLaunchTests.swift in Sources */,
				5DC447AA2B1F27FE0080EBFC /* Little_Lemon_AppUITests.swift in Sources */,
			);
			runOnlyForDeploymentPostprocessing = 0;
		};
/* End PBXSourcesBuildPhase section */

/* Begin PBXTargetDependency section */
		5DC4479D2B1F27FE0080EBFC /* PBXTargetDependency */ = {
			isa = PBXTargetDependency;
			target = 5DC447852B1F27FC0080EBFC /* Little Lemon App */;
			targetProxy = 5DC4479C2B1F27FE0080EBFC /* PBXContainerItemProxy */;
		};
		5DC447A72B1F27FE0080EBFC /* PBXTargetDependency */ = {
			isa = PBXTargetDependency;
			target = 5DC447852B1F27FC0080EBFC /* Little Lemon App */;
			targetProxy = 5DC447A62B1F27FE0080EBFC /* PBXContainerItemProxy */;
		};
/* End PBXTargetDependency section */

/* Begin XCBuildConfiguration section */
		5DC447AD2B1F27FE0080EBFC /* Debug */ = {
			isa = XCBuildConfiguration;
			buildSettings = {
				ALWAYS_SEARCH_USER_PATHS = NO;
				ASSETCATALOG_COMPILER_GENERATE_SWIFT_ASSET_SYMBOL_EXTENSIONS = YES;
				CLANG_ANALYZER_NONNULL = YES;
				CLANG_ANALYZER_NUMBER_OBJECT_CONVERSION = YES_AGGRESSIVE;
				CLANG_CXX_LANGUAGE_STANDARD = "gnu++20";
				CLANG_ENABLE_MODULES = YES;
				CLANG_ENABLE_OBJC_ARC = YES;
				CLANG_ENABLE_OBJC_WEAK = YES;
				CLANG_WARN_BLOCK_CAPTURE_AUTORELEASING = YES;
				CLANG_WARN_BOOL_CONVERSION = YES;
				CLANG_WARN_COMMA = YES;
				CLANG_WARN_CONSTANT_CONVERSION = YES;
				CLANG_WARN_DEPRECATED_OBJC_IMPLEMENTATIONS = YES;
				CLANG_WARN_DIRECT_OBJC_ISA_USAGE = YES_ERROR;
				CLANG_WARN_DOCUMENTATION_COMMENTS = YES;
				CLANG_WARN_EMPTY_BODY = YES;
				CLANG_WARN_ENUM_CONVERSION = YES;
				CLANG_WARN_INFINITE_RECURSION = YES;
				CLANG_WARN_INT_CONVERSION = YES;
				CLANG_WARN_NON_LITERAL_NULL_CONVERSION = YES;
				CLANG_WARN_OBJC_IMPLICIT_RETAIN_SELF = YES;
				CLANG_WARN_OBJC_LITERAL_CONVERSION = YES;
				CLANG_WARN_OBJC_ROOT_CLASS = YES_ERROR;
				CLANG_WARN_QUOTED_INCLUDE_IN_FRAMEWORK_HEADER = YES;
				CLANG_WARN_RANGE_LOOP_ANALYSIS = YES;
				CLANG_WARN_STRICT_PROTOTYPES = YES;
				CLANG_WARN_SUSPICIOUS_MOVE = YES;
				CLANG_WARN_UNGUARDED_AVAILABILITY = YES_AGGRESSIVE;
				CLANG_WARN_UNREACHABLE_CODE = YES;
				CLANG_WARN__DUPLICATE_METHOD_MATCH = YES;
				COPY_PHASE_STRIP = NO;
				DEBUG_INFORMATION_FORMAT = dwarf;
				ENABLE_STRICT_OBJC_MSGSEND = YES;
				ENABLE_TESTABILITY = YES;
				ENABLE_USER_SCRIPT_SANDBOXING = YES;
				GCC_C_LANGUAGE_STANDARD = gnu17;
				GCC_DYNAMIC_NO_PIC = NO;
				GCC_NO_COMMON_BLOCKS = YES;
				GCC_OPTIMIZATION_LEVEL = 0;
				GCC_PREPROCESSOR_DEFINITIONS = (
					"DEBUG=1",
					"$(inherited)",
				);
				GCC_WARN_64_TO_32_BIT_CONVERSION = YES;
				GCC_WARN_ABOUT_RETURN_TYPE = YES_ERROR;
				GCC_WARN_UNDECLARED_SELECTOR = YES;
				GCC_WARN_UNINITIALIZED_AUTOS = YES_AGGRESSIVE;
				GCC_WARN_UNUSED_FUNCTION = YES;
				GCC_WARN_UNUSED_VARIABLE = YES;
				IPHONEOS_DEPLOYMENT_TARGET = 17.0;
				LOCALIZATION_PREFERS_STRING_CATALOGS = YES;
				MTL_ENABLE_DEBUG_INFO = INCLUDE_SOURCE;
				MTL_FAST_MATH = YES;
				ONLY_ACTIVE_ARCH = YES;
				SDKROOT = iphoneos;
				SWIFT_ACTIVE_COMPILATION_CONDITIONS = "DEBUG $(inherited)";
				SWIFT_OPTIMIZATION_LEVEL = "-Onone";
			};
			name = Debug;
		};
		5DC447AE2B1F27FE0080EBFC /* Release */ = {
			isa = XCBuildConfiguration;
			buildSettings = {
				ALWAYS_SEARCH_USER_PATHS = NO;
				ASSETCATALOG_COMPILER_GENERATE_SWIFT_ASSET_SYMBOL_EXTENSIONS = YES;
				CLANG_ANALYZER_NONNULL = YES;
				CLANG_ANALYZER_NUMBER_OBJECT_CONVERSION = YES_AGGRESSIVE;
				CLANG_CXX_LANGUAGE_STANDARD = "gnu++20";
				CLANG_ENABLE_MODULES = YES;
				CLANG_ENABLE_OBJC_ARC = YES;
				CLANG_ENABLE_OBJC_WEAK = YES;
				CLANG_WARN_BLOCK_CAPTURE_AUTORELEASING = YES;
				CLANG_WARN_BOOL_CONVERSION = YES;
				CLANG_WARN_COMMA = YES;
				CLANG_WARN_CONSTANT_CONVERSION = YES;
				CLANG_WARN_DEPRECATED_OBJC_IMPLEMENTATIONS = YES;
				CLANG_WARN_DIRECT_OBJC_ISA_USAGE = YES_ERROR;
				CLANG_WARN_DOCUMENTATION_COMMENTS = YES;
				CLANG_WARN_EMPTY_BODY = YES;
				CLANG_WARN_ENUM_CONVERSION = YES;
				CLANG_WARN_INFINITE_RECURSION = YES;
				CLANG_WARN_INT_CONVERSION = YES;
				CLANG_WARN_NON_LITERAL_NULL_CONVERSION = YES;
				CLANG_WARN_OBJC_IMPLICIT_RETAIN_SELF = YES;
				CLANG_WARN_OBJC_LITERAL_CONVERSION = YES;
				CLANG_WARN_OBJC_ROOT_CLASS = YES_ERROR;
				CLANG_WARN_QUOTED_INCLUDE_IN_FRAMEWORK_HEADER = YES;
				CLANG_WARN_RANGE_LOOP_ANALYSIS = YES;
				CLANG_WARN_STRICT_PROTOTYPES = YES;
				CLANG_WARN_SUSPICIOUS_MOVE = YES;
				CLANG_WARN_UNGUARDED_AVAILABILITY = YES_AGGRESSIVE;
				CLANG_WARN_UNREACHABLE_CODE = YES;
				CLANG_WARN__DUPLICATE_METHOD_MATCH = YES;
				COPY_PHASE_STRIP = NO;
				DEBUG_INFORMATION_FORMAT = "dwarf-with-dsym";
				ENABLE_NS_ASSERTIONS = NO;
				ENABLE_STRICT_OBJC_MSGSEND = YES;
				ENABLE_USER_SCRIPT_SANDBOXING = YES;
				GCC_C_LANGUAGE_STANDARD = gnu17;
				GCC_NO_COMMON_BLOCKS = YES;
				GCC_WARN_64_TO_32_BIT_CONVERSION = YES;
				GCC_WARN_ABOUT_RETURN_TYPE = YES_ERROR;
				GCC_WARN_UNDECLARED_SELECTOR = YES;
				GCC_WARN_UNINITIALIZED_AUTOS = YES_AGGRESSIVE;
				GCC_WARN_UNUSED_FUNCTION = YES;
				GCC_WARN_UNUSED_VARIABLE = YES;
				IPHONEOS_DEPLOYMENT_TARGET = 17.0;
				LOCALIZATION_PREFERS_STRING_CATALOGS = YES;
				MTL_ENABLE_DEBUG_INFO = NO;
				MTL_FAST_MATH = YES;
				SDKROOT = iphoneos;
				SWIFT_COMPILATION_MODE = wholemodule;
				VALIDATE_PRODUCT = YES;
			};
			name = Release;
		};
		5DC447B02B1F27FE0080EBFC /* Debug */ = {
			isa = XCBuildConfiguration;
			buildSettings = {
				ASSETCATALOG_COMPILER_APPICON_NAME = AppIcon;
				ASSETCATALOG_COMPILER_GLOBAL_ACCENT_COLOR_NAME = AccentColor;
				CODE_SIGN_STYLE = Automatic;
				CURRENT_PROJECT_VERSION = 1;
				DEVELOPMENT_ASSET_PATHS = "\"Little Lemon App/Preview Content\"";
				ENABLE_PREVIEWS = YES;
				GENERATE_INFOPLIST_FILE = YES;
				INFOPLIST_KEY_UIApplicationSceneManifest_Generation = YES;
				INFOPLIST_KEY_UIApplicationSupportsIndirectInputEvents = YES;
				INFOPLIST_KEY_UILaunchScreen_Generation = YES;
				INFOPLIST_KEY_UISupportedInterfaceOrientations_iPad = "UIInterfaceOrientationPortrait UIInterfaceOrientationPortraitUpsideDown UIInterfaceOrientationLandscapeLeft UIInterfaceOrientationLandscapeRight";
				INFOPLIST_KEY_UISupportedInterfaceOrientations_iPhone = "UIInterfaceOrientationPortrait UIInterfaceOrientationLandscapeLeft UIInterfaceOrientationLandscapeRight";
				LD_RUNPATH_SEARCH_PATHS = (
					"$(inherited)",
					"@executable_path/Frameworks",
				);
				MARKETING_VERSION = 1.0;
				PRODUCT_BUNDLE_IDENTIFIER = "LF.Little-Lemon-App";
				PRODUCT_NAME = "$(TARGET_NAME)";
				SWIFT_EMIT_LOC_STRINGS = YES;
				SWIFT_VERSION = 5.0;
				TARGETED_DEVICE_FAMILY = "1,2";
			};
			name = Debug;
		};
		5DC447B12B1F27FE0080EBFC /* Release */ = {
			isa = XCBuildConfiguration;
			buildSettings = {
				ASSETCATALOG_COMPILER_APPICON_NAME = AppIcon;
				ASSETCATALOG_COMPILER_GLOBAL_ACCENT_COLOR_NAME = AccentColor;
				CODE_SIGN_STYLE = Automatic;
				CURRENT_PROJECT_VERSION = 1;
				DEVELOPMENT_ASSET_PATHS = "\"Little Lemon App/Preview Content\"";
				ENABLE_PREVIEWS = YES;
				GENERATE_INFOPLIST_FILE = YES;
				INFOPLIST_KEY_UIApplicationSceneManifest_Generation = YES;
				INFOPLIST_KEY_UIApplicationSupportsIndirectInputEvents = YES;
				INFOPLIST_KEY_UILaunchScreen_Generation = YES;
				INFOPLIST_KEY_UISupportedInterfaceOrientations_iPad = "UIInterfaceOrientationPortrait UIInterfaceOrientationPortraitUpsideDown UIInterfaceOrientationLandscapeLeft UIInterfaceOrientationLandscapeRight";
				INFOPLIST_KEY_UISupportedInterfaceOrientations_iPhone = "UIInterfaceOrientationPortrait UIInterfaceOrientationLandscapeLeft UIInterfaceOrientationLandscapeRight";
				LD_RUNPATH_SEARCH_PATHS = (
					"$(inherited)",
					"@executable_path/Frameworks",
				);
				MARKETING_VERSION = 1.0;
				PRODUCT_BUNDLE_IDENTIFIER = "LF.Little-Lemon-App";
				PRODUCT_NAME = "$(TARGET_NAME)";
				SWIFT_EMIT_LOC_STRINGS = YES;
				SWIFT_VERSION = 5.0;
				TARGETED_DEVICE_FAMILY = "1,2";
			};
			name = Release;
		};
		5DC447B32B1F27FE0080EBFC /* Debug */ = {
			isa = XCBuildConfiguration;
			buildSettings = {
				ALWAYS_EMBED_SWIFT_STANDARD_LIBRARIES = YES;
				BUNDLE_LOADER = "$(TEST_HOST)";
				CODE_SIGN_STYLE = Automatic;
				CURRENT_PROJECT_VERSION = 1;
				GENERATE_INFOPLIST_FILE = YES;
				IPHONEOS_DEPLOYMENT_TARGET = 17.0;
				MARKETING_VERSION = 1.0;
				PRODUCT_BUNDLE_IDENTIFIER = "LF.Little-Lemon-AppTests";
				PRODUCT_NAME = "$(TARGET_NAME)";
				SWIFT_EMIT_LOC_STRINGS = NO;
				SWIFT_VERSION = 5.0;
				TARGETED_DEVICE_FAMILY = "1,2";
				TEST_HOST = "$(BUILT_PRODUCTS_DIR)/Little Lemon App.app/$(BUNDLE_EXECUTABLE_FOLDER_PATH)/Little Lemon App";
			};
			name = Debug;
		};
		5DC447B42B1F27FE0080EBFC /* Release */ = {
			isa = XCBuildConfiguration;
			buildSettings = {
				ALWAYS_EMBED_SWIFT_STANDARD_LIBRARIES = YES;
				BUNDLE_LOADER = "$(TEST_HOST)";
				CODE_SIGN_STYLE = Automatic;
				CURRENT_PROJECT_VERSION = 1;
				GENERATE_INFOPLIST_FILE = YES;
				IPHONEOS_DEPLOYMENT_TARGET = 17.0;
				MARKETING_VERSION = 1.0;
				PRODUCT_BUNDLE_IDENTIFIER = "LF.Little-Lemon-AppTests";
				PRODUCT_NAME = "$(TARGET_NAME)";
				SWIFT_EMIT_LOC_STRINGS = NO;
				SWIFT_VERSION = 5.0;
				TARGETED_DEVICE_FAMILY = "1,2";
				TEST_HOST = "$(BUILT_PRODUCTS_DIR)/Little Lemon App.app/$(BUNDLE_EXECUTABLE_FOLDER_PATH)/Little Lemon App";
			};
			name = Release;
		};
		5DC447B62B1F27FE0080EBFC /* Debug */ = {
			isa = XCBuildConfiguration;
			buildSettings = {
				ALWAYS_EMBED_SWIFT_STANDARD_LIBRARIES = YES;
				CODE_SIGN_STYLE = Automatic;
				CURRENT_PROJECT_VERSION = 1;
				GENERATE_INFOPLIST_FILE = YES;
				MARKETING_VERSION = 1.0;
				PRODUCT_BUNDLE_IDENTIFIER = "LF.Little-Lemon-AppUITests";
				PRODUCT_NAME = "$(TARGET_NAME)";
				SWIFT_EMIT_LOC_STRINGS = NO;
				SWIFT_VERSION = 5.0;
				TARGETED_DEVICE_FAMILY = "1,2";
				TEST_TARGET_NAME = "Little Lemon App";
			};
			name = Debug;
		};
		5DC447B72B1F27FE0080EBFC /* Release */ = {
			isa = XCBuildConfiguration;
			buildSettings = {
				ALWAYS_EMBED_SWIFT_STANDARD_LIBRARIES = YES;
				CODE_SIGN_STYLE = Automatic;
				CURRENT_PROJECT_VERSION = 1;
				GENERATE_INFOPLIST_FILE = YES;
				MARKETING_VERSION = 1.0;
				PRODUCT_BUNDLE_IDENTIFIER = "LF.Little-Lemon-AppUITests";
				PRODUCT_NAME = "$(TARGET_NAME)";
				SWIFT_EMIT_LOC_STRINGS = NO;
				SWIFT_VERSION = 5.0;
				TARGETED_DEVICE_FAMILY = "1,2";
				TEST_TARGET_NAME = "Little Lemon App";
			};
			name = Release;
		};
/* End XCBuildConfiguration section */

/* Begin XCConfigurationList section */
		5DC447812B1F27FC0080EBFC /* Build configuration list for PBXProject "Little Lemon App" */ = {
			isa = XCConfigurationList;
			buildConfigurations = (
				5DC447AD2B1F27FE0080EBFC /* Debug */,
				5DC447AE2B1F27FE0080EBFC /* Release */,
			);
			defaultConfigurationIsVisible = 0;
			defaultConfigurationName = Release;
		};
		5DC447AF2B1F27FE0080EBFC /* Build configuration list for PBXNativeTarget "Little Lemon App" */ = {
			isa = XCConfigurationList;
			buildConfigurations = (
				5DC447B02B1F27FE0080EBFC /* Debug */,
				5DC447B12B1F27FE0080EBFC /* Release */,
			);
			defaultConfigurationIsVisible = 0;
			defaultConfigurationName = Release;
		};
		5DC447B22B1F27FE0080EBFC /* Build configuration list for PBXNativeTarget "Little Lemon AppTests" */ = {
			isa = XCConfigurationList;
			buildConfigurations = (
				5DC447B32B1F27FE0080EBFC /* Debug */,
				5DC447B42B1F27FE0080EBFC /* Release */,
			);
			defaultConfigurationIsVisible = 0;
			defaultConfigurationName = Release;
		};
		5DC447B52B1F27FE0080EBFC /* Build configuration list for PBXNativeTarget "Little Lemon AppUITests" */ = {
			isa = XCConfigurationList;
			buildConfigurations = (
				5DC447B62B1F27FE0080EBFC /* Debug */,
				5DC447B72B1F27FE0080EBFC /* Release */,
			);
			defaultConfigurationIsVisible = 0;
			defaultConfigurationName = Release;
		};
/* End XCConfigurationList section */

/* Begin XCVersionGroup section */
		5DC447942B1F27FE0080EBFC /* Little_Lemon_App.xcdatamodeld */ = {
			isa = XCVersionGroup;
			children = (
				5DC447952B1F27FE0080EBFC /* Little_Lemon_App.xcdatamodel */,
			);
			currentVersion = 5DC447952B1F27FE0080EBFC /* Little_Lemon_App.xcdatamodel */;
			path = Little_Lemon_App.xcdatamodeld;
			sourceTree = "<group>";
			versionGroupType = wrapper.xcdatamodel;
		};
/* End XCVersionGroup section */
	};
	rootObject = 5DC4477E2B1F27FC0080EBFC /* Project object */;
}
